{
  "version": 4,
  "terraform_version": "1.13.4",
  "serial": 46,
  "lineage": "bc7c3a41-a656-44e6-2c13-a3ac0b8031a5",
  "outputs": {},
  "resources": [
    {
      "mode": "managed",
      "type": "libvirt_network",
      "name": "network",
      "provider": "provider[\"registry.terraform.io/dmacvicar/libvirt\"]",
      "instances": [
        {
          "schema_version": 0,
          "attributes": {
            "addresses": [
              "192.168.99.0/24"
            ],
            "autostart": false,
            "bridge": "virbr1",
            "dhcp": [
              {
                "enabled": true
              }
            ],
            "dns": [],
            "dnsmasq_options": [],
            "domain": null,
            "id": "25739d2e-7188-4c55-b136-57456a79baa7",
            "mode": "nat",
            "mtu": null,
            "name": "ABOBAProject_network",
            "routes": [],
            "xml": []
          },
          "sensitive_attributes": [],
          "identity_schema_version": 0,
          "private": "bnVsbA=="
        }
      ]
    },
    {
      "mode": "managed",
      "type": "libvirt_pool",
      "name": "terraform_pool",
      "provider": "provider[\"registry.terraform.io/dmacvicar/libvirt\"]",
      "instances": [
        {
          "schema_version": 0,
          "attributes": {
            "allocation": 99371180032,
            "available": 271442006016,
            "capacity": 370813186048,
            "id": "afbed06b-ef33-4150-8c76-bfbc7dd0638a",
            "name": "pool",
            "path": "/home/astralinux.ru/akhristoforov",
            "type": "dir",
            "xml": []
          },
          "sensitive_attributes": [],
          "identity_schema_version": 0,
          "private": "bnVsbA=="
        }
      ]
    }
  ],
  "check_results": null
}
